
Microsoft Visual Studio Solution File, Format Version 12.00
# Visual Studio Version 16
VisualStudioVersion = 16.0.31321.278
MinimumVisualStudioVersion = 10.0.40219.1
Project("{8BC9CEB8-8B4A-11D0-8D11-00A0C91BC942}") = "303 Assignment 1", "303 Assignment 1\303 Assignment 1.vcxproj", "{7E0B5206-A53A-402A-BC8D-96083123BD50}"
EndProject
Global
	GlobalSection(SolutionConfigurationPlatforms) = preSolution
		Debug|x64 = Debug|x64
		Debug|x86 = Debug|x86
		Release|x64 = Release|x64
		Release|x86 = Release|x86
	EndGlobalSection
	GlobalSection(ProjectConfigurationPlatforms) = postSolution
		{7E0B5206-A53A-402A-BC8D-96083123BD50}.Debug|x64.ActiveCfg = Debug|x64
		{7E0B5206-A53A-402A-BC8D-96083123BD50}.Debug|x64.Build.0 = Debug|x64
		{7E0B5206-A53A-402A-BC8D-96083123BD50}.Debug|x86.ActiveCfg = Debug|Win32
		{7E0B5206-A53A-402A-BC8D-96083123BD50}.Debug|x86.Build.0 = Debug|Win32
		{7E0B5206-A53A-402A-BC8D-96083123BD50}.Release|x64.ActiveCfg = Release|x64
		{7E0B5206-A53A-402A-BC8D-96083123BD50}.Release|x64.Build.0 = Release|x64
		{7E0B5206-A53A-402A-BC8D-96083123BD50}.Release|x86.ActiveCfg = Release|Win32
		{7E0B5206-A53A-402A-BC8D-96083123BD50}.Release|x86.Build.0 = Release|Win32
	EndGlobalSection
	GlobalSection(SolutionProperties) = preSolution
		HideSolutionNode = FALSE
	EndGlobalSection
	GlobalSection(ExtensibilityGlobals) = postSolution
		SolutionGuid = {E5278DC4-193D-4F79-AAFE-541755A815F7}
	EndGlobalSection
EndGlobal
